// !$*UTF8*$!
{
	archiveVersion = 1;
	classes = {
	};
	objectVersion = 77;
	objects = {

/* Begin PBXBuildFile section */
		2B0CEE962E419F2D00A1A566 /* SwiftProtobuf in Frameworks */ = {isa = PBXBuildFile; productRef = 2B0CEE952E419F2D00A1A566 /* SwiftProtobuf */; };
		2B0CEE982E419F2D00A1A566 /* SwiftProtobufPluginLibrary in Frameworks */ = {isa = PBXBuildFile; productRef = 2B0CEE972E419F2D00A1A566 /* SwiftProtobufPluginLibrary */; };
		2B0CEE9A2E419F2D00A1A566 /* protoc-gen-swift in Frameworks */ = {isa = PBXBuildFile; productRef = 2B0CEE992E419F2D00A1A566 /* protoc-gen-swift */; };
/* End PBXBuildFile section */

/* Begin PBXContainerItemProxy section */
		2B0CEE6F2E419D9000A1A566 /* PBXContainerItemProxy */ = {
			isa = PBXContainerItemProxy;
			containerPortal = 2B0CEE532E419D8F00A1A566 /* Project object */;
			proxyType = 1;
			remoteGlobalIDString = 2B0CEE5A2E419D8F00A1A566;
			remoteInfo = Pro7Chords;
		};
		2B0CEE792E419D9000A1A566 /* PBXContainerItemProxy */ = {
			isa = PBXContainerItemProxy;
			containerPortal = 2B0CEE532E419D8F00A1A566 /* Project object */;
			proxyType = 1;
			remoteGlobalIDString = 2B0CEE5A2E419D8F00A1A566;
			remoteInfo = Pro7Chords;
		};
/* End PBXContainerItemProxy section */

/* Begin PBXFileReference section */
		2B0CEE5B2E419D8F00A1A566 /* Pro7Chords.app */ = {isa = PBXFileReference; explicitFileType = wrapper.application; includeInIndex = 0; path = Pro7Chords.app; sourceTree = BUILT_PRODUCTS_DIR; };
		2B0CEE6E2E419D9000A1A566 /* Pro7ChordsTests.xctest */ = {isa = PBXFileReference; explicitFileType = wrapper.cfbundle; includeInIndex = 0; path = Pro7ChordsTests.xctest; sourceTree = BUILT_PRODUCTS_DIR; };
		2B0CEE782E419D9000A1A566 /* Pro7ChordsUITests.xctest */ = {isa = PBXFileReference; explicitFileType = wrapper.cfbundle; includeInIndex = 0; path = Pro7ChordsUITests.xctest; sourceTree = BUILT_PRODUCTS_DIR; };
/* End PBXFileReference section */

/* Begin PBXFileSystemSynchronizedRootGroup section */
		2B0CEE5D2E419D8F00A1A566 /* Pro7Chords */ = {
			isa = PBXFileSystemSynchronizedRootGroup;
			path = Pro7Chords;
			sourceTree = "<group>";
		};
		2B0CEE712E419D9000A1A566 /* Pro7ChordsTests */ = {
			isa = PBXFileSystemSynchronizedRootGroup;
			path = Pro7ChordsTests;
			sourceTree = "<group>";
		};
		2B0CEE7B2E419D9000A1A566 /* Pro7ChordsUITests */ = {
			isa = PBXFileSystemSynchronizedRootGroup;
			path = Pro7ChordsUITests;
			sourceTree = "<group>";
		};
/* End PBXFileSystemSynchronizedRootGroup section */

/* Begin PBXFrameworksBuildPhase section */
		2B0CEE582E419D8F00A1A566 /* Frameworks */ = {
			isa = PBXFrameworksBuildPhase;
			buildActionMask = 2147483647;
			files = (
				2B0CEE982E419F2D00A1A566 /* SwiftProtobufPluginLibrary in Frameworks */,
				2B0CEE962E419F2D00A1A566 /* SwiftProtobuf in Frameworks */,
				2B0CEE9A2E419F2D00A1A566 /* protoc-gen-swift in Frameworks */,
			);
			runOnlyForDeploymentPostprocessing = 0;
		};
		2B0CEE6B2E419D9000A1A566 /* Frameworks */ = {
			isa = PBXFrameworksBuildPhase;
			buildActionMask = 2147483647;
			files = (
			);
			runOnlyForDeploymentPostprocessing = 0;
		};
		2B0CEE752E419D9000A1A566 /* Frameworks */ = {
			isa = PBXFrameworksBuildPhase;
			buildActionMask = 2147483647;
			files = (
			);
			runOnlyForDeploymentPostprocessing = 0;
		};
/* End PBXFrameworksBuildPhase section */

/* Begin PBXGroup section */
		2B0CEE522E419D8F00A1A566 = {
			isa = PBXGroup;
			children = (
				2B0CEE5D2E419D8F00A1A566 /* Pro7Chords */,
				2B0CEE712E419D9000A1A566 /* Pro7ChordsTests */,
				2B0CEE7B2E419D9000A1A566 /* Pro7ChordsUITests */,
				2B0CEE5C2E419D8F00A1A566 /* Products */,
			);
			sourceTree = "<group>";
		};
		2B0CEE5C2E419D8F00A1A566 /* Products */ = {
			isa = PBXGroup;
			children = (
				2B0CEE5B2E419D8F00A1A566 /* Pro7Chords.app */,
				2B0CEE6E2E419D9000A1A566 /* Pro7ChordsTests.xctest */,
				2B0CEE782E419D9000A1A566 /* Pro7ChordsUITests.xctest */,
			);
			name = Products;
			sourceTree = "<group>";
		};
/* End PBXGroup section */

/* Begin PBXNativeTarget section */
		2B0CEE5A2E419D8F00A1A566 /* Pro7Chords */ = {
			isa = PBXNativeTarget;
			buildConfigurationList = 2B0CEE822E419D9000A1A566 /* Build configuration list for PBXNativeTarget "Pro7Chords" */;
			buildPhases = (
				2B0CEE572E419D8F00A1A566 /* Sources */,
				2B0CEE582E419D8F00A1A566 /* Frameworks */,
				2B0CEE592E419D8F00A1A566 /* Resources */,
			);
			buildRules = (
			);
			dependencies = (
			);
			fileSystemSynchronizedGroups = (
				2B0CEE5D2E419D8F00A1A566 /* Pro7Chords */,
			);
			name = Pro7Chords;
			packageProductDependencies = (
				2B0CEE952E419F2D00A1A566 /* SwiftProtobuf */,
				2B0CEE972E419F2D00A1A566 /* SwiftProtobufPluginLibrary */,
				2B0CEE992E419F2D00A1A566 /* protoc-gen-swift */,
			);
			productName = Pro7Chords;
			productReference = 2B0CEE5B2E419D8F00A1A566 /* Pro7Chords.app */;
			productType = "com.apple.product-type.application";
		};
		2B0CEE6D2E419D9000A1A566 /* Pro7ChordsTests */ = {
			isa = PBXNativeTarget;
			buildConfigurationList = 2B0CEE852E419D9000A1A566 /* Build configuration list for PBXNativeTarget "Pro7ChordsTests" */;
			buildPhases = (
				2B0CEE6A2E419D9000A1A566 /* Sources */,
				2B0CEE6B2E419D9000A1A566 /* Frameworks */,
				2B0CEE6C2E419D9000A1A566 /* Resources */,
			);
			buildRules = (
			);
			dependencies = (
				2B0CEE702E419D9000A1A566 /* PBXTargetDependency */,
			);
			fileSystemSynchronizedGroups = (
				2B0CEE712E419D9000A1A566 /* Pro7ChordsTests */,
			);
			name = Pro7ChordsTests;
			packageProductDependencies = (
			);
			productName = Pro7ChordsTests;
			productReference = 2B0CEE6E2E419D9000A1A566 /* Pro7ChordsTests.xctest */;
			productType = "com.apple.product-type.bundle.unit-test";
		};
		2B0CEE772E419D9000A1A566 /* Pro7ChordsUITests */ = {
			isa = PBXNativeTarget;
			buildConfigurationList = 2B0CEE882E419D9000A1A566 /* Build configuration list for PBXNativeTarget "Pro7ChordsUITests" */;
			buildPhases = (
				2B0CEE742E419D9000A1A566 /* Sources */,
				2B0CEE752E419D9000A1A566 /* Frameworks */,
				2B0CEE762E419D9000A1A566 /* Resources */,
			);
			buildRules = (
			);
			dependencies = (
				2B0CEE7A2E419D9000A1A566 /* PBXTargetDependency */,
			);
			fileSystemSynchronizedGroups = (
				2B0CEE7B2E419D9000A1A566 /* Pro7ChordsUITests */,
			);
			name = Pro7ChordsUITests;
			packageProductDependencies = (
			);
			productName = Pro7ChordsUITests;
			productReference = 2B0CEE782E419D9000A1A566 /* Pro7ChordsUITests.xctest */;
			productType = "com.apple.product-type.bundle.ui-testing";
		};
/* End PBXNativeTarget section */

/* Begin PBXProject section */
		2B0CEE532E419D8F00A1A566 /* Project object */ = {
			isa = PBXProject;
			attributes = {
				BuildIndependentTargetsInParallel = 1;
				LastSwiftUpdateCheck = 1640;
				LastUpgradeCheck = 1640;
				TargetAttributes = {
					2B0CEE5A2E419D8F00A1A566 = {
						CreatedOnToolsVersion = 16.4;
					};
					2B0CEE6D2E419D9000A1A566 = {
						CreatedOnToolsVersion = 16.4;
						TestTargetID = 2B0CEE5A2E419D8F00A1A566;
					};
					2B0CEE772E419D9000A1A566 = {
						CreatedOnToolsVersion = 16.4;
						TestTargetID = 2B0CEE5A2E419D8F00A1A566;
					};
				};
			};
			buildConfigurationList = 2B0CEE562E419D8F00A1A566 /* Build configuration list for PBXProject "Pro7Chords" */;
			developmentRegion = en;
			hasScannedForEncodings = 0;
			knownRegions = (
				en,
				Base,
			);
			mainGroup = 2B0CEE522E419D8F00A1A566;
			minimizedProjectReferenceProxies = 1;
			packageReferences = (
				2B0CEE942E419F2D00A1A566 /* XCRemoteSwiftPackageReference "swift-protobuf" */,
			);
			preferredProjectObjectVersion = 77;
			productRefGroup = 2B0CEE5C2E419D8F00A1A566 /* Products */;
			projectDirPath = "";
			projectRoot = "";
			targets = (
				2B0CEE5A2E419D8F00A1A566 /* Pro7Chords */,
				2B0CEE6D2E419D9000A1A566 /* Pro7ChordsTests */,
				2B0CEE772E419D9000A1A566 /* Pro7ChordsUITests */,
			);
		};
/* End PBXProject section */

/* Begin PBXResourcesBuildPhase section */
		2B0CEE592E419D8F00A1A566 /* Resources */ = {
			isa = PBXResourcesBuildPhase;
			buildActionMask = 2147483647;
			files = (
			);
			runOnlyForDeploymentPostprocessing = 0;
		};
		2B0CEE6C2E419D9000A1A566 /* Resources */ = {
			isa = PBXResourcesBuildPhase;
			buildActionMask = 2147483647;
			files = (
			);
			runOnlyForDeploymentPostprocessing = 0;
		};
		2B0CEE762E419D9000A1A566 /* Resources */ = {
			isa = PBXResourcesBuildPhase;
			buildActionMask = 2147483647;
			files = (
			);
			runOnlyForDeploymentPostprocessing = 0;
		};
/* End PBXResourcesBuildPhase section */

/* Begin PBXSourcesBuildPhase section */
		2B0CEE572E419D8F00A1A566 /* Sources */ = {
			isa = PBXSourcesBuildPhase;
			buildActionMask = 2147483647;
			files = (
			);
			runOnlyForDeploymentPostprocessing = 0;
		};
		2B0CEE6A2E419D9000A1A566 /* Sources */ = {
			isa = PBXSourcesBuildPhase;
			buildActionMask = 2147483647;
			files = (
			);
			runOnlyForDeploymentPostprocessing = 0;
		};
		2B0CEE742E419D9000A1A566 /* Sources */ = {
			isa = PBXSourcesBuildPhase;
			buildActionMask = 2147483647;
			files = (
			);
			runOnlyForDeploymentPostprocessing = 0;
		};
/* End PBXSourcesBuildPhase section */

/* Begin PBXTargetDependency section */
		2B0CEE702E419D9000A1A566 /* PBXTargetDependency */ = {
			isa = PBXTargetDependency;
			target = 2B0CEE5A2E419D8F00A1A566 /* Pro7Chords */;
			targetProxy = 2B0CEE6F2E419D9000A1A566 /* PBXContainerItemProxy */;
		};
		2B0CEE7A2E419D9000A1A566 /* PBXTargetDependency */ = {
			isa = PBXTargetDependency;
			target = 2B0CEE5A2E419D8F00A1A566 /* Pro7Chords */;
			targetProxy = 2B0CEE792E419D9000A1A566 /* PBXContainerItemProxy */;
		};
/* End PBXTargetDependency section */

/* Begin XCBuildConfiguration section */
		2B0CEE802E419D9000A1A566 /* Debug */ = {
			isa = XCBuildConfiguration;
			buildSettings = {
				ALWAYS_SEARCH_USER_PATHS = NO;
				ASSETCATALOG_COMPILER_GENERATE_SWIFT_ASSET_SYMBOL_EXTENSIONS = YES;
				CLANG_ANALYZER_NONNULL = YES;
				CLANG_ANALYZER_NUMBER_OBJECT_CONVERSION = YES_AGGRESSIVE;
				CLANG_CXX_LANGUAGE_STANDARD = "gnu++20";
				CLANG_ENABLE_MODULES = YES;
				CLANG_ENABLE_OBJC_ARC = YES;
				CLANG_ENABLE_OBJC_WEAK = YES;
				CLANG_WARN_BLOCK_CAPTURE_AUTORELEASING = YES;
				CLANG_WARN_BOOL_CONVERSION = YES;
				CLANG_WARN_COMMA = YES;
				CLANG_WARN_CONSTANT_CONVERSION = YES;
				CLANG_WARN_DEPRECATED_OBJC_IMPLEMENTATIONS = YES;
				CLANG_WARN_DIRECT_OBJC_ISA_USAGE = YES_ERROR;
				CLANG_WARN_DOCUMENTATION_COMMENTS = YES;
				CLANG_WARN_EMPTY_BODY = YES;
				CLANG_WARN_ENUM_CONVERSION = YES;
				CLANG_WARN_INFINITE_RECURSION = YES;
				CLANG_WARN_INT_CONVERSION = YES;
				CLANG_WARN_NON_LITERAL_NULL_CONVERSION = YES;
				CLANG_WARN_OBJC_IMPLICIT_RETAIN_SELF = YES;
				CLANG_WARN_OBJC_LITERAL_CONVERSION = YES;
				CLANG_WARN_OBJC_ROOT_CLASS = YES_ERROR;
				CLANG_WARN_QUOTED_INCLUDE_IN_FRAMEWORK_HEADER = YES;
				CLANG_WARN_RANGE_LOOP_ANALYSIS = YES;
				CLANG_WARN_STRICT_PROTOTYPES = YES;
				CLANG_WARN_SUSPICIOUS_MOVE = YES;
				CLANG_WARN_UNGUARDED_AVAILABILITY = YES_AGGRESSIVE;
				CLANG_WARN_UNREACHABLE_CODE = YES;
				CLANG_WARN__DUPLICATE_METHOD_MATCH = YES;
				COPY_PHASE_STRIP = NO;
				DEBUG_INFORMATION_FORMAT = dwarf;
				DEVELOPMENT_TEAM = RF6J24NUV3;
				ENABLE_STRICT_OBJC_MSGSEND = YES;
				ENABLE_TESTABILITY = YES;
				ENABLE_USER_SCRIPT_SANDBOXING = YES;
				GCC_C_LANGUAGE_STANDARD = gnu17;
				GCC_DYNAMIC_NO_PIC = NO;
				GCC_NO_COMMON_BLOCKS = YES;
				GCC_OPTIMIZATION_LEVEL = 0;
				GCC_PREPROCESSOR_DEFINITIONS = (
					"DEBUG=1",
					"$(inherited)",
				);
				GCC_WARN_64_TO_32_BIT_CONVERSION = YES;
				GCC_WARN_ABOUT_RETURN_TYPE = YES_ERROR;
				GCC_WARN_UNDECLARED_SELECTOR = YES;
				GCC_WARN_UNINITIALIZED_AUTOS = YES_AGGRESSIVE;
				GCC_WARN_UNUSED_FUNCTION = YES;
				GCC_WARN_UNUSED_VARIABLE = YES;
				LOCALIZATION_PREFERS_STRING_CATALOGS = YES;
				MACOSX_DEPLOYMENT_TARGET = 15.5;
				MTL_ENABLE_DEBUG_INFO = INCLUDE_SOURCE;
				MTL_FAST_MATH = YES;
				ONLY_ACTIVE_ARCH = YES;
				SDKROOT = macosx;
				SWIFT_ACTIVE_COMPILATION_CONDITIONS = "DEBUG $(inherited)";
				SWIFT_OPTIMIZATION_LEVEL = "-Onone";
			};
			name = Debug;
		};
		2B0CEE812E419D9000A1A566 /* Release */ = {
			isa = XCBuildConfiguration;
			buildSettings = {
				ALWAYS_SEARCH_USER_PATHS = NO;
				ASSETCATALOG_COMPILER_GENERATE_SWIFT_ASSET_SYMBOL_EXTENSIONS = YES;
				CLANG_ANALYZER_NONNULL = YES;
				CLANG_ANALYZER_NUMBER_OBJECT_CONVERSION = YES_AGGRESSIVE;
				CLANG_CXX_LANGUAGE_STANDARD = "gnu++20";
				CLANG_ENABLE_MODULES = YES;
				CLANG_ENABLE_OBJC_ARC = YES;
				CLANG_ENABLE_OBJC_WEAK = YES;
				CLANG_WARN_BLOCK_CAPTURE_AUTORELEASING = YES;
				CLANG_WARN_BOOL_CONVERSION = YES;
				CLANG_WARN_COMMA = YES;
				CLANG_WARN_CONSTANT_CONVERSION = YES;
				CLANG_WARN_DEPRECATED_OBJC_IMPLEMENTATIONS = YES;
				CLANG_WARN_DIRECT_OBJC_ISA_USAGE = YES_ERROR;
				CLANG_WARN_DOCUMENTATION_COMMENTS = YES;
				CLANG_WARN_EMPTY_BODY = YES;
				CLANG_WARN_ENUM_CONVERSION = YES;
				CLANG_WARN_INFINITE_RECURSION = YES;
				CLANG_WARN_INT_CONVERSION = YES;
				CLANG_WARN_NON_LITERAL_NULL_CONVERSION = YES;
				CLANG_WARN_OBJC_IMPLICIT_RETAIN_SELF = YES;
				CLANG_WARN_OBJC_LITERAL_CONVERSION = YES;
				CLANG_WARN_OBJC_ROOT_CLASS = YES_ERROR;
				CLANG_WARN_QUOTED_INCLUDE_IN_FRAMEWORK_HEADER = YES;
				CLANG_WARN_RANGE_LOOP_ANALYSIS = YES;
				CLANG_WARN_STRICT_PROTOTYPES = YES;
				CLANG_WARN_SUSPICIOUS_MOVE = YES;
				CLANG_WARN_UNGUARDED_AVAILABILITY = YES_AGGRESSIVE;
				CLANG_WARN_UNREACHABLE_CODE = YES;
				CLANG_WARN__DUPLICATE_METHOD_MATCH = YES;
				COPY_PHASE_STRIP = NO;
				DEBUG_INFORMATION_FORMAT = "dwarf-with-dsym";
				DEVELOPMENT_TEAM = RF6J24NUV3;
				ENABLE_NS_ASSERTIONS = NO;
				ENABLE_STRICT_OBJC_MSGSEND = YES;
				ENABLE_USER_SCRIPT_SANDBOXING = YES;
				GCC_C_LANGUAGE_STANDARD = gnu17;
				GCC_NO_COMMON_BLOCKS = YES;
				GCC_WARN_64_TO_32_BIT_CONVERSION = YES;
				GCC_WARN_ABOUT_RETURN_TYPE = YES_ERROR;
				GCC_WARN_UNDECLARED_SELECTOR = YES;
				GCC_WARN_UNINITIALIZED_AUTOS = YES_AGGRESSIVE;
				GCC_WARN_UNUSED_FUNCTION = YES;
				GCC_WARN_UNUSED_VARIABLE = YES;
				LOCALIZATION_PREFERS_STRING_CATALOGS = YES;
				MACOSX_DEPLOYMENT_TARGET = 15.5;
				MTL_ENABLE_DEBUG_INFO = NO;
				MTL_FAST_MATH = YES;
				SDKROOT = macosx;
				SWIFT_COMPILATION_MODE = wholemodule;
			};
			name = Release;
		};
		2B0CEE832E419D9000A1A566 /* Debug */ = {
			isa = XCBuildConfiguration;
			buildSettings = {
				ASSETCATALOG_COMPILER_APPICON_NAME = AppIcon;
				ASSETCATALOG_COMPILER_GLOBAL_ACCENT_COLOR_NAME = AccentColor;
				CODE_SIGN_ENTITLEMENTS = Pro7Chords/Pro7Chords.entitlements;
				CODE_SIGN_STYLE = Automatic;
				COMBINE_HIDPI_IMAGES = YES;
				CURRENT_PROJECT_VERSION = 1;
				DEVELOPMENT_TEAM = RF6J24NUV3;
				ENABLE_HARDENED_RUNTIME = YES;
				ENABLE_PREVIEWS = YES;
				GENERATE_INFOPLIST_FILE = YES;
				INFOPLIST_KEY_NSHumanReadableCopyright = "";
				LD_RUNPATH_SEARCH_PATHS = (
					"$(inherited)",
					"@executable_path/../Frameworks",
				);
				MARKETING_VERSION = 1.0;
				PRODUCT_BUNDLE_IDENTIFIER = com.alepherian.Pro7Chords;
				PRODUCT_NAME = "$(TARGET_NAME)";
				REGISTER_APP_GROUPS = YES;
				SWIFT_EMIT_LOC_STRINGS = YES;
				SWIFT_VERSION = 5.0;
			};
			name = Debug;
		};
		2B0CEE842E419D9000A1A566 /* Release */ = {
			isa = XCBuildConfiguration;
			buildSettings = {
				ASSETCATALOG_COMPILER_APPICON_NAME = AppIcon;
				ASSETCATALOG_COMPILER_GLOBAL_ACCENT_COLOR_NAME = AccentColor;
				CODE_SIGN_ENTITLEMENTS = Pro7Chords/Pro7Chords.entitlements;
				CODE_SIGN_STYLE = Automatic;
				COMBINE_HIDPI_IMAGES = YES;
				CURRENT_PROJECT_VERSION = 1;
				DEVELOPMENT_TEAM = RF6J24NUV3;
				ENABLE_HARDENED_RUNTIME = YES;
				ENABLE_PREVIEWS = YES;
				GENERATE_INFOPLIST_FILE = YES;
				INFOPLIST_KEY_NSHumanReadableCopyright = "";
				LD_RUNPATH_SEARCH_PATHS = (
					"$(inherited)",
					"@executable_path/../Frameworks",
				);
				MARKETING_VERSION = 1.0;
				PRODUCT_BUNDLE_IDENTIFIER = com.alepherian.Pro7Chords;
				PRODUCT_NAME = "$(TARGET_NAME)";
				REGISTER_APP_GROUPS = YES;
				SWIFT_EMIT_LOC_STRINGS = YES;
				SWIFT_VERSION = 5.0;
			};
			name = Release;
		};
		2B0CEE862E419D9000A1A566 /* Debug */ = {
			isa = XCBuildConfiguration;
			buildSettings = {
				BUNDLE_LOADER = "$(TEST_HOST)";
				CODE_SIGN_STYLE = Automatic;
				CURRENT_PROJECT_VERSION = 1;
				DEVELOPMENT_TEAM = RF6J24NUV3;
				GENERATE_INFOPLIST_FILE = YES;
				MACOSX_DEPLOYMENT_TARGET = 15.5;
				MARKETING_VERSION = 1.0;
				PRODUCT_BUNDLE_IDENTIFIER = com.alepherian.Pro7ChordsTests;
				PRODUCT_NAME = "$(TARGET_NAME)";
				SWIFT_EMIT_LOC_STRINGS = NO;
				SWIFT_VERSION = 5.0;
				TEST_HOST = "$(BUILT_PRODUCTS_DIR)/Pro7Chords.app/$(BUNDLE_EXECUTABLE_FOLDER_PATH)/Pro7Chords";
			};
			name = Debug;
		};
		2B0CEE872E419D9000A1A566 /* Release */ = {
			isa = XCBuildConfiguration;
			buildSettings = {
				BUNDLE_LOADER = "$(TEST_HOST)";
				CODE_SIGN_STYLE = Automatic;
				CURRENT_PROJECT_VERSION = 1;
				DEVELOPMENT_TEAM = RF6J24NUV3;
				GENERATE_INFOPLIST_FILE = YES;
				MACOSX_DEPLOYMENT_TARGET = 15.5;
				MARKETING_VERSION = 1.0;
				PRODUCT_BUNDLE_IDENTIFIER = com.alepherian.Pro7ChordsTests;
				PRODUCT_NAME = "$(TARGET_NAME)";
				SWIFT_EMIT_LOC_STRINGS = NO;
				SWIFT_VERSION = 5.0;
				TEST_HOST = "$(BUILT_PRODUCTS_DIR)/Pro7Chords.app/$(BUNDLE_EXECUTABLE_FOLDER_PATH)/Pro7Chords";
			};
			name = Release;
		};
		2B0CEE892E419D9000A1A566 /* Debug */ = {
			isa = XCBuildConfiguration;
			buildSettings = {
				CODE_SIGN_STYLE = Automatic;
				CURRENT_PROJECT_VERSION = 1;
				DEVELOPMENT_TEAM = RF6J24NUV3;
				GENERATE_INFOPLIST_FILE = YES;
				MARKETING_VERSION = 1.0;
				PRODUCT_BUNDLE_IDENTIFIER = com.alepherian.Pro7ChordsUITests;
				PRODUCT_NAME = "$(TARGET_NAME)";
				SWIFT_EMIT_LOC_STRINGS = NO;
				SWIFT_VERSION = 5.0;
				TEST_TARGET_NAME = Pro7Chords;
			};
			name = Debug;
		};
		2B0CEE8A2E419D9000A1A566 /* Release */ = {
			isa = XCBuildConfiguration;
			buildSettings = {
				CODE_SIGN_STYLE = Automatic;
				CURRENT_PROJECT_VERSION = 1;
				DEVELOPMENT_TEAM = RF6J24NUV3;
				GENERATE_INFOPLIST_FILE = YES;
				MARKETING_VERSION = 1.0;
				PRODUCT_BUNDLE_IDENTIFIER = com.alepherian.Pro7ChordsUITests;
				PRODUCT_NAME = "$(TARGET_NAME)";
				SWIFT_EMIT_LOC_STRINGS = NO;
				SWIFT_VERSION = 5.0;
				TEST_TARGET_NAME = Pro7Chords;
			};
			name = Release;
		};
/* End XCBuildConfiguration section */

/* Begin XCConfigurationList section */
		2B0CEE562E419D8F00A1A566 /* Build configuration list for PBXProject "Pro7Chords" */ = {
			isa = XCConfigurationList;
			buildConfigurations = (
				2B0CEE802E419D9000A1A566 /* Debug */,
				2B0CEE812E419D9000A1A566 /* Release */,
			);
			defaultConfigurationIsVisible = 0;
			defaultConfigurationName = Release;
		};
		2B0CEE822E419D9000A1A566 /* Build configuration list for PBXNativeTarget "Pro7Chords" */ = {
			isa = XCConfigurationList;
			buildConfigurations = (
				2B0CEE832E419D9000A1A566 /* Debug */,
				2B0CEE842E419D9000A1A566 /* Release */,
			);
			defaultConfigurationIsVisible = 0;
			defaultConfigurationName = Release;
		};
		2B0CEE852E419D9000A1A566 /* Build configuration list for PBXNativeTarget "Pro7ChordsTests" */ = {
			isa = XCConfigurationList;
			buildConfigurations = (
				2B0CEE862E419D9000A1A566 /* Debug */,
				2B0CEE872E419D9000A1A566 /* Release */,
			);
			defaultConfigurationIsVisible = 0;
			defaultConfigurationName = Release;
		};
		2B0CEE882E419D9000A1A566 /* Build configuration list for PBXNativeTarget "Pro7ChordsUITests" */ = {
			isa = XCConfigurationList;
			buildConfigurations = (
				2B0CEE892E419D9000A1A566 /* Debug */,
				2B0CEE8A2E419D9000A1A566 /* Release */,
			);
			defaultConfigurationIsVisible = 0;
			defaultConfigurationName = Release;
		};
/* End XCConfigurationList section */

/* Begin XCRemoteSwiftPackageReference section */
		2B0CEE942E419F2D00A1A566 /* XCRemoteSwiftPackageReference "swift-protobuf" */ = {
			isa = XCRemoteSwiftPackageReference;
			repositoryURL = "https://github.com/apple/swift-protobuf.git";
			requirement = {
				kind = upToNextMajorVersion;
				minimumVersion = 1.30.0;
			};
		};
/* End XCRemoteSwiftPackageReference section */

/* Begin XCSwiftPackageProductDependency section */
		2B0CEE952E419F2D00A1A566 /* SwiftProtobuf */ = {
			isa = XCSwiftPackageProductDependency;
			package = 2B0CEE942E419F2D00A1A566 /* XCRemoteSwiftPackageReference "swift-protobuf" */;
			productName = SwiftProtobuf;
		};
		2B0CEE972E419F2D00A1A566 /* SwiftProtobufPluginLibrary */ = {
			isa = XCSwiftPackageProductDependency;
			package = 2B0CEE942E419F2D00A1A566 /* XCRemoteSwiftPackageReference "swift-protobuf" */;
			productName = SwiftProtobufPluginLibrary;
		};
		2B0CEE992E419F2D00A1A566 /* protoc-gen-swift */ = {
			isa = XCSwiftPackageProductDependency;
			package = 2B0CEE942E419F2D00A1A566 /* XCRemoteSwiftPackageReference "swift-protobuf" */;
			productName = "protoc-gen-swift";
		};
/* End XCSwiftPackageProductDependency section */
	};
	rootObject = 2B0CEE532E419D8F00A1A566 /* Project object */;
}
